
Microsoft Visual Studio Solution File, Format Version 12.00
# Visual Studio 15
VisualStudioVersion = 15.0.28307.757
MinimumVisualStudioVersion = 10.0.40219.1
Project("{FAE04EC0-301F-11D3-BF4B-00C04F79EFBC}") = "CarRenting", "CarRenting\CarRenting.csproj", "{2CD0C83B-B79D-4422-8EBC-739430BE95FA}"
EndProject
Global
	GlobalSection(SolutionConfigurationPlatforms) = preSolution
		Debug|Any CPU = Debug|Any CPU
		Release|Any CPU = Release|Any CPU
	EndGlobalSection
	GlobalSection(ProjectConfigurationPlatforms) = postSolution
		{2CD0C83B-B79D-4422-8EBC-739430BE95FA}.Debug|Any CPU.ActiveCfg = Debug|Any CPU
		{2CD0C83B-B79D-4422-8EBC-739430BE95FA}.Debug|Any CPU.Build.0 = Debug|Any CPU
		{2CD0C83B-B79D-4422-8EBC-739430BE95FA}.Release|Any CPU.ActiveCfg = Release|Any CPU
		{2CD0C83B-B79D-4422-8EBC-739430BE95FA}.Release|Any CPU.Build.0 = Release|Any CPU
	EndGlobalSection
	GlobalSection(SolutionProperties) = preSolution
		HideSolutionNode = FALSE
	EndGlobalSection
	GlobalSection(ExtensibilityGlobals) = postSolution
		SolutionGuid = {E9E034A9-701D-4FBB-99AE-556D6B2705EA}
	EndGlobalSection
EndGlobal
